
Microsoft Visual Studio Solution File, Format Version 12.00
# Visual Studio Version 17
VisualStudioVersion = 17.0.31903.59
MinimumVisualStudioVersion = 10.0.40219.1
Project("{9A19103F-16F7-4668-BE54-9A1E7A4F7556}") = "MyCleanApi.Core", "MyCleanApi.Core\MyCleanApi.Core.csproj", "{E6646F65-0748-40E3-AA33-865434C480F6}"
EndProject
Project("{9A19103F-16F7-4668-BE54-9A1E7A4F7556}") = "MyCleanApi.Application", "MyCleanApi.Application\MyCleanApi.Application.csproj", "{C10B1810-41B0-46BB-9B97-5794A54D6D71}"
EndProject
Project("{9A19103F-16F7-4668-BE54-9A1E7A4F7556}") = "MyCleanApi.Infrastructure", "MyCleanApi.Infrastructure\MyCleanApi.Infrastructure.csproj", "{138B374D-7B32-4298-9F7F-A3CDB3C27D2C}"
EndProject
Project("{9A19103F-16F7-4668-BE54-9A1E7A4F7556}") = "MyCleanApi.WebApi", "MyCleanApi.WebApi\MyCleanApi.WebApi.csproj", "{2D2ADF9C-8284-4F94-B940-46D4EBDEDA34}"
EndProject
Project("{2150E333-8FDC-42A3-9474-1A3956D46DE8}") = "Solution Items", "Solution Items", "{6F0F6B00-8A5E-408F-B36E-25AABBA2D8BA}"
	ProjectSection(SolutionItems) = preProject
		.dockerignore = .dockerignore
		Dockerfile = Dockerfile
		docker-compose.yml = docker-compose.yml
	EndProjectSection
EndProject
Global
	GlobalSection(SolutionConfigurationPlatforms) = preSolution
		Debug|Any CPU = Debug|Any CPU
		Release|Any CPU = Release|Any CPU
	EndGlobalSection
	GlobalSection(ProjectConfigurationPlatforms) = postSolution
		{E6646F65-0748-40E3-AA33-865434C480F6}.Debug|Any CPU.ActiveCfg = Debug|Any CPU
		{E6646F65-0748-40E3-AA33-865434C480F6}.Debug|Any CPU.Build.0 = Debug|Any CPU
		{E6646F65-0748-40E3-AA33-865434C480F6}.Release|Any CPU.ActiveCfg = Release|Any CPU
		{E6646F65-0748-40E3-AA33-865434C480F6}.Release|Any CPU.Build.0 = Release|Any CPU
		{C10B1810-41B0-46BB-9B97-5794A54D6D71}.Debug|Any CPU.ActiveCfg = Debug|Any CPU
		{C10B1810-41B0-46BB-9B97-5794A54D6D71}.Debug|Any CPU.Build.0 = Debug|Any CPU
		{C10B1810-41B0-46BB-9B97-5794A54D6D71}.Release|Any CPU.ActiveCfg = Release|Any CPU
		{C10B1810-41B0-46BB-9B97-5794A54D6D71}.Release|Any CPU.Build.0 = Release|Any CPU
		{138B374D-7B32-4298-9F7F-A3CDB3C27D2C}.Debug|Any CPU.ActiveCfg = Debug|Any CPU
		{138B374D-7B32-4298-9F7F-A3CDB3C27D2C}.Debug|Any CPU.Build.0 = Debug|Any CPU
		{138B374D-7B32-4298-9F7F-A3CDB3C27D2C}.Release|Any CPU.ActiveCfg = Release|Any CPU
		{138B374D-7B32-4298-9F7F-A3CDB3C27D2C}.Release|Any CPU.Build.0 = Release|Any CPU
		{2D2ADF9C-8284-4F94-B940-46D4EBDEDA34}.Debug|Any CPU.ActiveCfg = Debug|Any CPU
		{2D2ADF9C-8284-4F94-B940-46D4EBDEDA34}.Debug|Any CPU.Build.0 = Debug|Any CPU
		{2D2ADF9C-8284-4F94-B940-46D4EBDEDA34}.Release|Any CPU.ActiveCfg = Release|Any CPU
		{2D2ADF9C-8284-4F94-B940-46D4EBDEDA34}.Release|Any CPU.Build.0 = Release|Any CPU
	EndGlobalSection
	GlobalSection(SolutionProperties) = preSolution
		HideSolutionNode = FALSE
	EndGlobalSection
	GlobalSection(ExtensibilityGlobals) = postSolution
		SolutionGuid = {88DBB074-917B-4301-B7CB-4EC4AE96AB82}
	EndGlobalSection
EndGlobal
